--- 
dependencies: 
  spork: 
    group: 
    - :test
    version: ">= 0"
  rails: 
    group: 
    - :default
    version: = 3.0.0.beta3
  mysql: 
    group: 
    - :default
    version: = 2.8.1
  haml: 
    group: 
    - :default
    version: = 2.2.24
  inherited_resources: 
    group: 
    - :default
    version: = 1.1.2
  rspec-rails: 
    group: 
    - :test
    version: = 2.0.0.beta.8
  formtastic: 
    group: 
    - :default
    version: ">= 0"
  thinking-sphinx: 
    group: 
    - :default
    version: = 1.3.16
  database_cleaner: 
    group: 
    - :test
    version: ">= 0"
  mocha: 
    group: 
    - :test
    version: ">= 0"
  cucumber-rails: 
    group: 
    - :test
    version: ">= 0"
  devise: 
    group: 
    - :default
    version: ">= 0"
  paperclip: 
    group: 
    - :default
    version: ">= 0"
  cucumber: 
    group: 
    - :test
    version: = 0.7.0
  capybara: 
    group: 
    - :test
    version: ">= 0"
specs: 
- rake: 
    version: 0.8.7
- abstract: 
    version: 1.0.0
- builder: 
    version: 2.1.2
- i18n: 
    version: 0.3.7
- memcache-client: 
    version: 1.8.3
- tzinfo: 
    version: 0.3.20
- activesupport: 
    version: 3.0.0.beta3
- activemodel: 
    version: 3.0.0.beta3
- erubis: 
    version: 2.6.5
- rack: 
    version: 1.1.0
- rack-mount: 
    version: 0.6.3
- rack-test: 
    version: 0.5.3
- actionpack: 
    version: 3.0.0.beta3
- mime-types: 
    version: "1.16"
- polyglot: 
    version: 0.3.1
- treetop: 
    version: 1.4.5
- mail: 
    version: 2.2.0
- text-hyphen: 
    version: 1.0.0
- text-format: 
    version: 1.0.0
- actionmailer: 
    version: 3.0.0.beta3
- arel: 
    version: 0.3.3
- activerecord: 
    version: 3.0.0.beta3
- activeresource: 
    version: 3.0.0.beta3
- after_commit: 
    version: 1.0.6
- bundler: 
    version: 0.9.24
- culerity: 
    version: 0.2.10
- nokogiri: 
    version: 1.4.1
- ffi: 
    version: 0.6.3
- json_pure: 
    version: 1.4.2
- selenium-webdriver: 
    version: 0.0.18
- capybara: 
    version: 0.3.7
- diff-lcs: 
    version: 1.1.2
- trollop: 
    version: 1.16.2
- gherkin: 
    version: 1.0.24
- term-ansicolor: 
    version: 1.0.5
- cucumber: 
    version: 0.7.0
- cucumber-rails: 
    version: 0.3.0
    source: 0
- database_cleaner: 
    version: 0.5.2
- warden: 
    version: 0.10.3
- devise: 
    version: 1.1.rc1
    source: 3
- formtastic: 
    version: 0.9.8
    source: 1
- haml: 
    version: 2.2.24
- has_scope: 
    version: 0.5.0
- responders: 
    version: 0.6.0
- inherited_resources: 
    version: 1.1.2
- mocha: 
    version: 0.9.8
- mysql: 
    version: 2.8.1
- paperclip: 
    version: 2.3.2
    source: 2
- thor: 
    version: 0.13.6
- railties: 
    version: 3.0.0.beta3
- rails: 
    version: 3.0.0.beta3
- riddle: 
    version: 1.0.10
- rspec-core: 
    version: 2.0.0.beta.8
- rspec-expectations: 
    version: 2.0.0.beta.8
- rspec-mocks: 
    version: 2.0.0.beta.8
- rspec: 
    version: 2.0.0.beta.8
- webrat: 
    version: 0.7.1
- rspec-rails: 
    version: 2.0.0.beta.8
- spork: 
    version: 0.8.3
- thinking-sphinx: 
    version: 1.3.16
hash: 77ae52539d01ed6da93e74ca85bdbd7973d93b51
sources: 
- Git: 
    uri: git://github.com/aslakhellesoy/cucumber-rails.git
    git: git://github.com/aslakhellesoy/cucumber-rails.git
    ref: e131cea57259d217c8d4cf25b4a9f52d94ae813b
- Git: 
    uri: git://github.com/justinfrench/formtastic.git
    branch: rails3
    git: git://github.com/justinfrench/formtastic.git
    ref: 28140117780a33d9a11669d9708ce0432c77dd19
- Git: 
    uri: git://github.com/lmumar/paperclip.git
    branch: rails3
    git: git://github.com/lmumar/paperclip.git
    ref: bdc48fca6326fbfb6db0fcaa7ee56a989560482e
- Git: 
    uri: git://github.com/plataformatec/devise.git
    git: git://github.com/plataformatec/devise.git
    ref: 9bdc7113244ea23769b613a9cf72252d8ae96903
- Rubygems: 
    uri: http://rubygems.org
